
Microsoft Visual Studio Solution File, Format Version 12.00
# Visual Studio 15
VisualStudioVersion = 15.0.28307.168
MinimumVisualStudioVersion = 10.0.40219.1
Project("{FAE04EC0-301F-11D3-BF4B-00C04F79EFBC}") = "Banco", "Banco\Banco.csproj", "{FEC17754-983E-46E5-A963-194803D00289}"
EndProject
Global
	GlobalSection(SolutionConfigurationPlatforms) = preSolution
		Debug|Any CPU = Debug|Any CPU
		Release|Any CPU = Release|Any CPU
	EndGlobalSection
	GlobalSection(ProjectConfigurationPlatforms) = postSolution
		{FEC17754-983E-46E5-A963-194803D00289}.Debug|Any CPU.ActiveCfg = Debug|Any CPU
		{FEC17754-983E-46E5-A963-194803D00289}.Debug|Any CPU.Build.0 = Debug|Any CPU
		{FEC17754-983E-46E5-A963-194803D00289}.Release|Any CPU.ActiveCfg = Release|Any CPU
		{FEC17754-983E-46E5-A963-194803D00289}.Release|Any CPU.Build.0 = Release|Any CPU
	EndGlobalSection
	GlobalSection(SolutionProperties) = preSolution
		HideSolutionNode = FALSE
	EndGlobalSection
	GlobalSection(ExtensibilityGlobals) = postSolution
		SolutionGuid = {8BF194AC-D53B-4165-A1A4-84D9F94FF2CB}
	EndGlobalSection
EndGlobal
