
Microsoft Visual Studio Solution File, Format Version 12.00
# Visual Studio 15
VisualStudioVersion = 15.0.28307.168
MinimumVisualStudioVersion = 10.0.40219.1
Project("{FAE04EC0-301F-11D3-BF4B-00C04F79EFBC}") = "ComposicaoDeClasses", "ComposicaoDeClasses\ComposicaoDeClasses.csproj", "{3353F25F-1896-4C74-823C-E87D5B8F0E17}"
EndProject
Global
	GlobalSection(SolutionConfigurationPlatforms) = preSolution
		Debug|Any CPU = Debug|Any CPU
		Release|Any CPU = Release|Any CPU
	EndGlobalSection
	GlobalSection(ProjectConfigurationPlatforms) = postSolution
		{3353F25F-1896-4C74-823C-E87D5B8F0E17}.Debug|Any CPU.ActiveCfg = Debug|Any CPU
		{3353F25F-1896-4C74-823C-E87D5B8F0E17}.Debug|Any CPU.Build.0 = Debug|Any CPU
		{3353F25F-1896-4C74-823C-E87D5B8F0E17}.Release|Any CPU.ActiveCfg = Release|Any CPU
		{3353F25F-1896-4C74-823C-E87D5B8F0E17}.Release|Any CPU.Build.0 = Release|Any CPU
	EndGlobalSection
	GlobalSection(SolutionProperties) = preSolution
		HideSolutionNode = FALSE
	EndGlobalSection
	GlobalSection(ExtensibilityGlobals) = postSolution
		SolutionGuid = {CAFD739B-7561-4475-81EC-DEFA5866B03C}
	EndGlobalSection
EndGlobal
